
Microsoft Visual Studio Solution File, Format Version 12.00
# Visual Studio 2012
Project("{FAE04EC0-301F-11D3-BF4B-00C04F79EFBC}") = "BalanceClient", "BalanceClient\BalanceClient.csproj", "{9E9549F0-A716-48AC-B32C-F0B74952F300}"
EndProject
Project("{FAE04EC0-301F-11D3-BF4B-00C04F79EFBC}") = "Example", "Example\Example.csproj", "{DD5673B2-CF91-4085-BB08-ED75C34466B6}"
EndProject
Global
	GlobalSection(SolutionConfigurationPlatforms) = preSolution
		Debug|Any CPU = Debug|Any CPU
		Release|Any CPU = Release|Any CPU
	EndGlobalSection
	GlobalSection(ProjectConfigurationPlatforms) = postSolution
		{9E9549F0-A716-48AC-B32C-F0B74952F300}.Debug|Any CPU.ActiveCfg = Debug|Any CPU
		{9E9549F0-A716-48AC-B32C-F0B74952F300}.Debug|Any CPU.Build.0 = Debug|Any CPU
		{9E9549F0-A716-48AC-B32C-F0B74952F300}.Release|Any CPU.ActiveCfg = Release|Any CPU
		{9E9549F0-A716-48AC-B32C-F0B74952F300}.Release|Any CPU.Build.0 = Release|Any CPU
		{DD5673B2-CF91-4085-BB08-ED75C34466B6}.Debug|Any CPU.ActiveCfg = Debug|Any CPU
		{DD5673B2-CF91-4085-BB08-ED75C34466B6}.Debug|Any CPU.Build.0 = Debug|Any CPU
		{DD5673B2-CF91-4085-BB08-ED75C34466B6}.Release|Any CPU.ActiveCfg = Release|Any CPU
		{DD5673B2-CF91-4085-BB08-ED75C34466B6}.Release|Any CPU.Build.0 = Release|Any CPU
	EndGlobalSection
EndGlobal
